
Microsoft Visual Studio Solution File, Format Version 12.00
# Visual Studio Version 16
VisualStudioVersion = 16.0.30711.63
MinimumVisualStudioVersion = 10.0.40219.1
Project("{FAE04EC0-301F-11D3-BF4B-00C04F79EFBC}") = "GroupProject", "GroupProject.csproj", "{6683791D-364C-4069-BF31-E0CDCC749168}"
EndProject
Global
	GlobalSection(SolutionConfigurationPlatforms) = preSolution
		Debug|Any CPU = Debug|Any CPU
		Release|Any CPU = Release|Any CPU
	EndGlobalSection
	GlobalSection(ProjectConfigurationPlatforms) = postSolution
		{6683791D-364C-4069-BF31-E0CDCC749168}.Debug|Any CPU.ActiveCfg = Debug|Any CPU
		{6683791D-364C-4069-BF31-E0CDCC749168}.Debug|Any CPU.Build.0 = Debug|Any CPU
		{6683791D-364C-4069-BF31-E0CDCC749168}.Release|Any CPU.ActiveCfg = Release|Any CPU
		{6683791D-364C-4069-BF31-E0CDCC749168}.Release|Any CPU.Build.0 = Release|Any CPU
	EndGlobalSection
	GlobalSection(SolutionProperties) = preSolution
		HideSolutionNode = FALSE
	EndGlobalSection
	GlobalSection(ExtensibilityGlobals) = postSolution
		SolutionGuid = {4E4341D4-9163-490C-912B-AFD2DEA5D418}
	EndGlobalSection
EndGlobal
